
Microsoft Visual Studio Solution File, Format Version 12.00
# Visual Studio Version 17
VisualStudioVersion = 17.0.31912.275
MinimumVisualStudioVersion = 10.0.40219.1
Project("{FAE04EC0-301F-11D3-BF4B-00C04F79EFBC}") = "Community", "Community\Community.csproj", "{193A9032-5C60-437D-BEBD-401107030E5A}"
EndProject
Global
	GlobalSection(SolutionConfigurationPlatforms) = preSolution
		Debug|Any CPU = Debug|Any CPU
		Release|Any CPU = Release|Any CPU
	EndGlobalSection
	GlobalSection(ProjectConfigurationPlatforms) = postSolution
		{193A9032-5C60-437D-BEBD-401107030E5A}.Debug|Any CPU.ActiveCfg = Debug|Any CPU
		{193A9032-5C60-437D-BEBD-401107030E5A}.Debug|Any CPU.Build.0 = Debug|Any CPU
		{193A9032-5C60-437D-BEBD-401107030E5A}.Release|Any CPU.ActiveCfg = Release|Any CPU
		{193A9032-5C60-437D-BEBD-401107030E5A}.Release|Any CPU.Build.0 = Release|Any CPU
	EndGlobalSection
	GlobalSection(SolutionProperties) = preSolution
		HideSolutionNode = FALSE
	EndGlobalSection
	GlobalSection(ExtensibilityGlobals) = postSolution
		SolutionGuid = {E7331358-C99D-4AA1-A14E-4DEBCBFC106C}
	EndGlobalSection
EndGlobal
